
Microsoft Visual Studio Solution File, Format Version 12.00
# Visual Studio Version 17
VisualStudioVersion = 17.9.34723.18
MinimumVisualStudioVersion = 10.0.40219.1
Project("{FAE04EC0-301F-11D3-BF4B-00C04F79EFBC}") = "şaka", "şaka.csproj", "{15BE21BA-81F5-4E57-998B-82AD74F88B89}"
EndProject
Global
	GlobalSection(SolutionConfigurationPlatforms) = preSolution
		Debug|Any CPU = Debug|Any CPU
		Release|Any CPU = Release|Any CPU
	EndGlobalSection
	GlobalSection(ProjectConfigurationPlatforms) = postSolution
		{15BE21BA-81F5-4E57-998B-82AD74F88B89}.Debug|Any CPU.ActiveCfg = Debug|Any CPU
		{15BE21BA-81F5-4E57-998B-82AD74F88B89}.Debug|Any CPU.Build.0 = Debug|Any CPU
		{15BE21BA-81F5-4E57-998B-82AD74F88B89}.Release|Any CPU.ActiveCfg = Release|Any CPU
		{15BE21BA-81F5-4E57-998B-82AD74F88B89}.Release|Any CPU.Build.0 = Release|Any CPU
	EndGlobalSection
	GlobalSection(SolutionProperties) = preSolution
		HideSolutionNode = FALSE
	EndGlobalSection
	GlobalSection(ExtensibilityGlobals) = postSolution
		SolutionGuid = {5D318C0B-6DEF-4175-A7EC-82B44BF48A38}
	EndGlobalSection
EndGlobal
